
Microsoft Visual Studio Solution File, Format Version 12.00
# Visual Studio Version 17
VisualStudioVersion = 17.9.34723.18
MinimumVisualStudioVersion = 10.0.40219.1
Project("{FAE04EC0-301F-11D3-BF4B-00C04F79EFBC}") = "WebAuthorisationPolicy", "WebAuthorisationPolicy.csproj", "{7D56F153-A128-4088-80CD-E127B24A54DA}"
EndProject
Global
	GlobalSection(SolutionConfigurationPlatforms) = preSolution
		Debug|Any CPU = Debug|Any CPU
		Release|Any CPU = Release|Any CPU
	EndGlobalSection
	GlobalSection(ProjectConfigurationPlatforms) = postSolution
		{7D56F153-A128-4088-80CD-E127B24A54DA}.Debug|Any CPU.ActiveCfg = Debug|Any CPU
		{7D56F153-A128-4088-80CD-E127B24A54DA}.Debug|Any CPU.Build.0 = Debug|Any CPU
		{7D56F153-A128-4088-80CD-E127B24A54DA}.Release|Any CPU.ActiveCfg = Release|Any CPU
		{7D56F153-A128-4088-80CD-E127B24A54DA}.Release|Any CPU.Build.0 = Release|Any CPU
	EndGlobalSection
	GlobalSection(SolutionProperties) = preSolution
		HideSolutionNode = FALSE
	EndGlobalSection
	GlobalSection(ExtensibilityGlobals) = postSolution
		SolutionGuid = {A4F800AE-B374-4A8B-BAFE-B5B832F2A46C}
	EndGlobalSection
EndGlobal
